<?xml version="1.0" encoding="utf-8"?>
<Project ToolsVersion="4.0" xmlns="http://schemas.microsoft.com/developer/msbuild/2003">
  <ItemGroup>
    <Filter Include="Source Files">
      <UniqueIdentifier>{4FC737F1-C7A5-4376-A066-2A32D752A2FF}</UniqueIdentifier>
      <Extensions>cpp;c;cc;cxx;c++;cppm;ixx;def;odl;idl;hpj;bat;asm;asmx</Extensions>
    </Filter>
    <Filter Include="Header Files">
      <UniqueIdentifier>{93995380-89BD-4b04-88EB-625FBE52EBFB}</UniqueIdentifier>
      <Extensions>h;hh;hpp;hxx;h++;hm;inl;inc;ipp;xsd</Extensions>
    </Filter>
    <Filter Include="Resource Files">
      <UniqueIdentifier>{67DA6AB6-F800-4c08-8B7A-83BB121AAD01}</UniqueIdentifier>
      <Extensions>rc;ico;cur;bmp;dlg;rc2;rct;bin;rgs;gif;jpg;jpeg;jpe;resx;tiff;tif;png;wav;mfcribbon-ms</Extensions>
    </Filter>
  </ItemGroup>
  <ItemGroup>
    <ClCompile Include="GDKX.cpp">
      <Filter>Source Files</Filter>
    </ClCompile>
    <ClCompile Include="PlayFabPartyManagement.cpp">
      <Filter>Source Files</Filter>
    </ClCompile>
    <ClCompile Include="UserManagement.cpp">
      <Filter>Source Files</Filter>
    </ClCompile>
    <ClCompile Include="SessionManagement.cpp">
      <Filter>Source Files</Filter>
    </ClCompile>
    <ClCompile Include="AdvertiseSession.cpp">
      <Filter>Source Files</Filter>
    </ClCompile>
    <ClCompile Include="CreateSession.cpp">
      <Filter>Source Files</Filter>
    </ClCompile>
    <ClCompile Include="FindSession.cpp">
      <Filter>Source Files</Filter>
    </ClCompile>
    <ClCompile Include="JoinSession.cpp">
      <Filter>Source Files</Filter>
    </ClCompile>
    <ClCompile Include="MigrateHost.cpp">
      <Filter>Source Files</Filter>
    </ClCompile>
    <ClCompile Include="MatchmakingM.cpp">
      <Filter>Source Files</Filter>
    </ClCompile>
    <ClCompile Include="YoYo_FunctionsM.cpp">
      <Filter>Source Files</Filter>
    </ClCompile>
  </ItemGroup>
  <ItemGroup>
    <ClInclude Include="GDKX.h">
      <Filter>Header Files</Filter>
    </ClInclude>
    <ClInclude Include="PlayFabPartyManagement.h">
      <Filter>Header Files</Filter>
    </ClInclude>
    <ClInclude Include="UserManagement.h">
      <Filter>Header Files</Filter>
    </ClInclude>
    <ClInclude Include="AdvertiseSession.h">
      <Filter>Header Files</Filter>
    </ClInclude>
    <ClInclude Include="CreateSession.h">
      <Filter>Header Files</Filter>
    </ClInclude>
    <ClInclude Include="FindSession.h">
      <Filter>Header Files</Filter>
    </ClInclude>
    <ClInclude Include="JoinSession.h">
      <Filter>Header Files</Filter>
    </ClInclude>
    <ClInclude Include="MigrateHost.h">
      <Filter>Header Files</Filter>
    </ClInclude>
    <ClInclude Include="Extension_Interface.h">
      <Filter>Header Files</Filter>
    </ClInclude>
    <ClInclude Include="Ref.h">
      <Filter>Header Files</Filter>
    </ClInclude>
    <ClInclude Include="YYRValue.h">
      <Filter>Header Files</Filter>
    </ClInclude>
  </ItemGroup>
</Project>